
Microsoft Visual Studio Solution File, Format Version 10.00
# Visual Studio 2008
Project("{FAE04EC0-301F-11D3-BF4B-00C04F79EFBC}") = "LM.Senac.BouncingBall", "LM.Senac.BouncingBall\LM.Senac.BouncingBall.csproj", "{A101C816-C22D-4347-A8F5-DCFDF02890C6}"
EndProject
Project("{FAE04EC0-301F-11D3-BF4B-00C04F79EFBC}") = "LM.Senac.BouncingBall.Physics", "LM.Senac.BouncingBall.Physics\LM.Senac.BouncingBall.Physics.csproj", "{9FE8D4A8-FEE6-4487-8EC6-2FCAD64ABCF7}"
EndProject
Global
	GlobalSection(SolutionConfigurationPlatforms) = preSolution
		Debug|Any CPU = Debug|Any CPU
		Release|Any CPU = Release|Any CPU
	EndGlobalSection
	GlobalSection(ProjectConfigurationPlatforms) = postSolution
		{A101C816-C22D-4347-A8F5-DCFDF02890C6}.Debug|Any CPU.ActiveCfg = Debug|Any CPU
		{A101C816-C22D-4347-A8F5-DCFDF02890C6}.Debug|Any CPU.Build.0 = Debug|Any CPU
		{A101C816-C22D-4347-A8F5-DCFDF02890C6}.Release|Any CPU.ActiveCfg = Release|Any CPU
		{A101C816-C22D-4347-A8F5-DCFDF02890C6}.Release|Any CPU.Build.0 = Release|Any CPU
		{9FE8D4A8-FEE6-4487-8EC6-2FCAD64ABCF7}.Debug|Any CPU.ActiveCfg = Debug|Any CPU
		{9FE8D4A8-FEE6-4487-8EC6-2FCAD64ABCF7}.Debug|Any CPU.Build.0 = Debug|Any CPU
		{9FE8D4A8-FEE6-4487-8EC6-2FCAD64ABCF7}.Release|Any CPU.ActiveCfg = Release|Any CPU
		{9FE8D4A8-FEE6-4487-8EC6-2FCAD64ABCF7}.Release|Any CPU.Build.0 = Release|Any CPU
	EndGlobalSection
	GlobalSection(SolutionProperties) = preSolution
		HideSolutionNode = FALSE
	EndGlobalSection
EndGlobal
